// !$*UTF8*$!
{
	archiveVersion = 1;
	classes = {
	};
	objectVersion = 55;
	objects = {

/* Begin PBXBuildFile section */
		2D10675B2878AC4400A6DBE5 /* TabBarController.swift in Sources */ = {isa = PBXBuildFile; fileRef = 2D10675A2878AC4400A6DBE5 /* TabBarController.swift */; };
		2D7AA34428794CEF009AFA48 /* Realm in Frameworks */ = {isa = PBXBuildFile; productRef = 2D7AA34328794CEF009AFA48 /* Realm */; };
		2D7AA347287956AC009AFA48 /* OpenRealmViewController.swift in Sources */ = {isa = PBXBuildFile; fileRef = 2D7AA345287956AC009AFA48 /* OpenRealmViewController.swift */; };
		2D7AA348287956AC009AFA48 /* OpenRealmViewController.xib in Resources */ = {isa = PBXBuildFile; fileRef = 2D7AA346287956AC009AFA48 /* OpenRealmViewController.xib */; };
		2D7AA35028795F18009AFA48 /* ConfigurationsViewController.swift in Sources */ = {isa = PBXBuildFile; fileRef = 2D7AA34A28795F18009AFA48 /* ConfigurationsViewController.swift */; };
		2D7AA35128795F18009AFA48 /* NewObjectViewController.swift in Sources */ = {isa = PBXBuildFile; fileRef = 2D7AA34B28795F18009AFA48 /* NewObjectViewController.swift */; };
		2D7AA35228795F18009AFA48 /* DetailViewController.swift in Sources */ = {isa = PBXBuildFile; fileRef = 2D7AA34C28795F18009AFA48 /* DetailViewController.swift */; };
		2D7AA35328795F18009AFA48 /* RealmCollectionCollectionViewController.swift in Sources */ = {isa = PBXBuildFile; fileRef = 2D7AA34D28795F18009AFA48 /* RealmCollectionCollectionViewController.swift */; };
		2D7AA35428795F18009AFA48 /* FormViewController.swift in Sources */ = {isa = PBXBuildFile; fileRef = 2D7AA34E28795F18009AFA48 /* FormViewController.swift */; };
		2D7AA35528795F18009AFA48 /* ObjectDetailViewController.swift in Sources */ = {isa = PBXBuildFile; fileRef = 2D7AA34F28795F18009AFA48 /* ObjectDetailViewController.swift */; };
		2D7AA35A28795FD4009AFA48 /* Copying.swift in Sources */ = {isa = PBXBuildFile; fileRef = 2D7AA35828795FD4009AFA48 /* Copying.swift */; };
		2D7AA35B28795FD4009AFA48 /* ObjectPlaceholder.swift in Sources */ = {isa = PBXBuildFile; fileRef = 2D7AA35928795FD4009AFA48 /* ObjectPlaceholder.swift */; };
		2D7AA3602879603D009AFA48 /* PropertyWrapperKit.swift in Sources */ = {isa = PBXBuildFile; fileRef = 2D7AA35D2879603D009AFA48 /* PropertyWrapperKit.swift */; };
		2D7AA3612879603D009AFA48 /* Kingfisher.swift in Sources */ = {isa = PBXBuildFile; fileRef = 2D7AA35E2879603D009AFA48 /* Kingfisher.swift */; };
		2D7AA3622879603D009AFA48 /* HUD.swift in Sources */ = {isa = PBXBuildFile; fileRef = 2D7AA35F2879603D009AFA48 /* HUD.swift */; };
		2D7AA3642879606C009AFA48 /* SwiftKit.swift in Sources */ = {isa = PBXBuildFile; fileRef = 2D7AA3632879606C009AFA48 /* SwiftKit.swift */; };
		2D7AA3682879612F009AFA48 /* TransactionListView.swift in Sources */ = {isa = PBXBuildFile; fileRef = 2D7AA3672879612F009AFA48 /* TransactionListView.swift */; };
		2D7AA36A2879613C009AFA48 /* TransactionListView.xib in Resources */ = {isa = PBXBuildFile; fileRef = 2D7AA3692879613C009AFA48 /* TransactionListView.xib */; };
		2D7AA36F287964F5009AFA48 /* TransactionPlaceholder.swift in Sources */ = {isa = PBXBuildFile; fileRef = 2D7AA36E287964F5009AFA48 /* TransactionPlaceholder.swift */; };
		2D7AA372287967CF009AFA48 /* NewTransactionViewController.swift in Sources */ = {isa = PBXBuildFile; fileRef = 2D7AA371287967CF009AFA48 /* NewTransactionViewController.swift */; };
		2D7AA37C287968E3009AFA48 /* ObjectContentConfiguration.swift in Sources */ = {isa = PBXBuildFile; fileRef = 2D7AA374287968E3009AFA48 /* ObjectContentConfiguration.swift */; };
		2D7AA37D287968E3009AFA48 /* CollectionViewListCell.swift in Sources */ = {isa = PBXBuildFile; fileRef = 2D7AA375287968E3009AFA48 /* CollectionViewListCell.swift */; };
		2D7AA37E287968E3009AFA48 /* ImageContentConfiguration.swift in Sources */ = {isa = PBXBuildFile; fileRef = 2D7AA376287968E3009AFA48 /* ImageContentConfiguration.swift */; };
		2D7AA37F287968E3009AFA48 /* TitleContentConfiguration.swift in Sources */ = {isa = PBXBuildFile; fileRef = 2D7AA377287968E3009AFA48 /* TitleContentConfiguration.swift */; };
		2D7AA380287968E3009AFA48 /* TextFieldContentConfiguration.swift in Sources */ = {isa = PBXBuildFile; fileRef = 2D7AA378287968E3009AFA48 /* TextFieldContentConfiguration.swift */; };
		2D7AA381287968E3009AFA48 /* IntTextFieldContentConfiguration.swift in Sources */ = {isa = PBXBuildFile; fileRef = 2D7AA379287968E3009AFA48 /* IntTextFieldContentConfiguration.swift */; };
		2D7AA382287968E3009AFA48 /* ListContentView.swift in Sources */ = {isa = PBXBuildFile; fileRef = 2D7AA37A287968E3009AFA48 /* ListContentView.swift */; };
		2D7AA383287968E3009AFA48 /* DateTextFieldContentConfiguration.swift in Sources */ = {isa = PBXBuildFile; fileRef = 2D7AA37B287968E3009AFA48 /* DateTextFieldContentConfiguration.swift */; };
		2D7AA3852879690B009AFA48 /* ImageView.swift in Sources */ = {isa = PBXBuildFile; fileRef = 2D7AA3842879690B009AFA48 /* ImageView.swift */; };
		2D7AA38728796D63009AFA48 /* Listable.swift in Sources */ = {isa = PBXBuildFile; fileRef = 2D7AA38628796D63009AFA48 /* Listable.swift */; };
		2D7AA38C28796EC8009AFA48 /* DataStorageViewController.swift in Sources */ = {isa = PBXBuildFile; fileRef = 2D7AA38928796EC8009AFA48 /* DataStorageViewController.swift */; };
		2D7AA38D28796EC8009AFA48 /* NotificationsViewController.swift in Sources */ = {isa = PBXBuildFile; fileRef = 2D7AA38A28796EC8009AFA48 /* NotificationsViewController.swift */; };
		2D7AA38E28796EC8009AFA48 /* AccountSettingsViewController.swift in Sources */ = {isa = PBXBuildFile; fileRef = 2D7AA38B28796EC8009AFA48 /* AccountSettingsViewController.swift */; };
		2D7AA39128796EDF009AFA48 /* MoreProfileHeaderView.swift in Sources */ = {isa = PBXBuildFile; fileRef = 2D7AA38F28796EDF009AFA48 /* MoreProfileHeaderView.swift */; };
		2D7AA39228796EDF009AFA48 /* MoreProfileHeaderView.xib in Resources */ = {isa = PBXBuildFile; fileRef = 2D7AA39028796EDF009AFA48 /* MoreProfileHeaderView.xib */; };
		2D7AA39528796F5F009AFA48 /* LinkedAccountSettingsListView.swift in Sources */ = {isa = PBXBuildFile; fileRef = 2D7AA39328796F5F009AFA48 /* LinkedAccountSettingsListView.swift */; };
		2D7AA39628796F5F009AFA48 /* LinkedAccountSettingsListView.xib in Resources */ = {isa = PBXBuildFile; fileRef = 2D7AA39428796F5F009AFA48 /* LinkedAccountSettingsListView.xib */; };
		2D7AA39A287970B4009AFA48 /* Localizable.strings in Resources */ = {isa = PBXBuildFile; fileRef = 2D7AA39C287970B4009AFA48 /* Localizable.strings */; };
		2D7AA3A028797D09009AFA48 /* ImageLetters.swift in Sources */ = {isa = PBXBuildFile; fileRef = 2D7AA39F28797D09009AFA48 /* ImageLetters.swift */; };
		2D7AA3A228797EC7009AFA48 /* NewCategoryViewController.swift in Sources */ = {isa = PBXBuildFile; fileRef = 2D7AA3A128797EC6009AFA48 /* NewCategoryViewController.swift */; };
		2D7AA3A428797ED7009AFA48 /* CategoryPlaceholder.swift in Sources */ = {isa = PBXBuildFile; fileRef = 2D7AA3A328797ED7009AFA48 /* CategoryPlaceholder.swift */; };
		2D7AA3A628797F75009AFA48 /* LettersView.swift in Sources */ = {isa = PBXBuildFile; fileRef = 2D7AA3A528797F75009AFA48 /* LettersView.swift */; };
		2D7AA3A82879E6A9009AFA48 /* CategoryGridView.swift in Sources */ = {isa = PBXBuildFile; fileRef = 2D7AA3A72879E6A9009AFA48 /* CategoryGridView.swift */; };
		2D7AA3AA2879E6C9009AFA48 /* CategoryGridView.xib in Resources */ = {isa = PBXBuildFile; fileRef = 2D7AA3A92879E6C9009AFA48 /* CategoryGridView.xib */; };
		2D7AA3AD2879E7D5009AFA48 /* CategoryListView.swift in Sources */ = {isa = PBXBuildFile; fileRef = 2D7AA3AB2879E7D5009AFA48 /* CategoryListView.swift */; };
		2D7AA3AE2879E7D5009AFA48 /* CategoryListView.xib in Resources */ = {isa = PBXBuildFile; fileRef = 2D7AA3AC2879E7D5009AFA48 /* CategoryListView.xib */; };
		2D7AA3B02879EEB9009AFA48 /* LettersContentConfiguration.swift in Sources */ = {isa = PBXBuildFile; fileRef = 2D7AA3AF2879EEB9009AFA48 /* LettersContentConfiguration.swift */; };
		2D7AA3B22879F6E6009AFA48 /* ColorContentConfiguration.swift in Sources */ = {isa = PBXBuildFile; fileRef = 2D7AA3B12879F6E6009AFA48 /* ColorContentConfiguration.swift */; };
		2D7AA3B5287B4820009AFA48 /* AccountsViewController.swift in Sources */ = {isa = PBXBuildFile; fileRef = 2D7AA3B4287B4820009AFA48 /* AccountsViewController.swift */; };
		2D7AA3B8287B4B4A009AFA48 /* StatsViewController.swift in Sources */ = {isa = PBXBuildFile; fileRef = 2D7AA3B7287B4B4A009AFA48 /* StatsViewController.swift */; };
		2D7C358A28794B2A00A9A010 /* ProviderLoginManager.swift in Sources */ = {isa = PBXBuildFile; fileRef = 2D7C358928794B2A00A9A010 /* ProviderLoginManager.swift */; };
		2DB4E25E2878B2E10088A6DD /* RealmSwiftKit in Frameworks */ = {isa = PBXBuildFile; productRef = 2DB4E25D2878B2E10088A6DD /* RealmSwiftKit */; };
		2DB4E261287946270088A6DD /* LogInViewController.swift in Sources */ = {isa = PBXBuildFile; fileRef = 2DB4E25F287946260088A6DD /* LogInViewController.swift */; };
		2DB4E262287946270088A6DD /* LogInViewController.xib in Resources */ = {isa = PBXBuildFile; fileRef = 2DB4E260287946260088A6DD /* LogInViewController.xib */; };
		2DB668CE28783C2600ACBA80 /* AppDelegate.swift in Sources */ = {isa = PBXBuildFile; fileRef = 2DB668CD28783C2600ACBA80 /* AppDelegate.swift */; };
		2DB668D028783C2600ACBA80 /* SceneDelegate.swift in Sources */ = {isa = PBXBuildFile; fileRef = 2DB668CF28783C2600ACBA80 /* SceneDelegate.swift */; };
		2DB668D728783C2700ACBA80 /* Assets.xcassets in Resources */ = {isa = PBXBuildFile; fileRef = 2DB668D628783C2700ACBA80 /* Assets.xcassets */; };
		2DB668DA28783C2700ACBA80 /* LaunchScreen.storyboard in Resources */ = {isa = PBXBuildFile; fileRef = 2DB668D828783C2700ACBA80 /* LaunchScreen.storyboard */; };
		2DB668E42878519800ACBA80 /* RealmSwift in Frameworks */ = {isa = PBXBuildFile; productRef = 2DB668E32878519800ACBA80 /* RealmSwift */; };
		2DB668E72878520D00ACBA80 /* FacebookCore in Frameworks */ = {isa = PBXBuildFile; productRef = 2DB668E62878520D00ACBA80 /* FacebookCore */; };
		2DB668E92878520D00ACBA80 /* FacebookLogin in Frameworks */ = {isa = PBXBuildFile; productRef = 2DB668E82878520D00ACBA80 /* FacebookLogin */; };
		2DB668EC2878523C00ACBA80 /* GoogleSignIn in Frameworks */ = {isa = PBXBuildFile; productRef = 2DB668EB2878523C00ACBA80 /* GoogleSignIn */; };
		2DB668EF2878526200ACBA80 /* Kingfisher in Frameworks */ = {isa = PBXBuildFile; productRef = 2DB668EE2878526200ACBA80 /* Kingfisher */; };
		2DB668F2287852A900ACBA80 /* PropertyWrapperKit in Frameworks */ = {isa = PBXBuildFile; productRef = 2DB668F1287852A900ACBA80 /* PropertyWrapperKit */; };
		2DB668F4287852A900ACBA80 /* SwiftKit in Frameworks */ = {isa = PBXBuildFile; productRef = 2DB668F3287852A900ACBA80 /* SwiftKit */; };
		2DB668F7287852CD00ACBA80 /* UIKitExtra in Frameworks */ = {isa = PBXBuildFile; productRef = 2DB668F6287852CD00ACBA80 /* UIKitExtra */; };
		2DB668F9287852CD00ACBA80 /* UIKitLayout in Frameworks */ = {isa = PBXBuildFile; productRef = 2DB668F8287852CD00ACBA80 /* UIKitLayout */; };
		2DB668FB287852CD00ACBA80 /* UIKitSwift in Frameworks */ = {isa = PBXBuildFile; productRef = 2DB668FA287852CD00ACBA80 /* UIKitSwift */; };
		2DB668FE2878538100ACBA80 /* FirebaseAnalytics in Frameworks */ = {isa = PBXBuildFile; productRef = 2DB668FD2878538100ACBA80 /* FirebaseAnalytics */; };
		2DB669002878538100ACBA80 /* FirebaseCrashlytics in Frameworks */ = {isa = PBXBuildFile; productRef = 2DB668FF2878538100ACBA80 /* FirebaseCrashlytics */; };
		2DB669022878538100ACBA80 /* FirebaseMessaging in Frameworks */ = {isa = PBXBuildFile; productRef = 2DB669012878538100ACBA80 /* FirebaseMessaging */; };
		2DB669042878538100ACBA80 /* FirebaseStorage in Frameworks */ = {isa = PBXBuildFile; productRef = 2DB669032878538100ACBA80 /* FirebaseStorage */; };
		2DB66907287853DB00ACBA80 /* MBProgressHUD in Frameworks */ = {isa = PBXBuildFile; productRef = 2DB66906287853DB00ACBA80 /* MBProgressHUD */; };
		2DB6690A2878542900ACBA80 /* KeyboardManager in Frameworks */ = {isa = PBXBuildFile; productRef = 2DB669092878542900ACBA80 /* KeyboardManager */; };
		2DB6690C2878563100ACBA80 /* Constants.swift in Sources */ = {isa = PBXBuildFile; fileRef = 2DB6690B2878563100ACBA80 /* Constants.swift */; };
		2DB6690E2878563700ACBA80 /* Preferences.swift in Sources */ = {isa = PBXBuildFile; fileRef = 2DB6690D2878563700ACBA80 /* Preferences.swift */; };
		2DB669112878574400ACBA80 /* GoogleService-Info.plist in Resources */ = {isa = PBXBuildFile; fileRef = 2DB669102878574400ACBA80 /* GoogleService-Info.plist */; };
		2DB669132878586000ACBA80 /* Account.swift in Sources */ = {isa = PBXBuildFile; fileRef = 2DB669122878586000ACBA80 /* Account.swift */; };
		2DB669172878598D00ACBA80 /* Transaction.swift in Sources */ = {isa = PBXBuildFile; fileRef = 2DB669162878598D00ACBA80 /* Transaction.swift */; };
		2DB6691928785B6500ACBA80 /* Category.swift in Sources */ = {isa = PBXBuildFile; fileRef = 2DB6691828785B6500ACBA80 /* Category.swift */; };
		2DB6692028785DE600ACBA80 /* TransactionsViewController.swift in Sources */ = {isa = PBXBuildFile; fileRef = 2DB6691F28785DE600ACBA80 /* TransactionsViewController.swift */; };
		2DB6692228785DEE00ACBA80 /* CategoriesViewController.swift in Sources */ = {isa = PBXBuildFile; fileRef = 2DB6692128785DEE00ACBA80 /* CategoriesViewController.swift */; };
		2DB6692428785DFA00ACBA80 /* MoreViewController.swift in Sources */ = {isa = PBXBuildFile; fileRef = 2DB6692328785DFA00ACBA80 /* MoreViewController.swift */; };
		2DB6692728785EAC00ACBA80 /* Charts in Frameworks */ = {isa = PBXBuildFile; productRef = 2DB6692628785EAC00ACBA80 /* Charts */; };
/* End PBXBuildFile section */

/* Begin PBXFileReference section */
		2D10675A2878AC4400A6DBE5 /* TabBarController.swift */ = {isa = PBXFileReference; lastKnownFileType = sourcecode.swift; path = TabBarController.swift; sourceTree = "<group>"; };
		2D7AA345287956AC009AFA48 /* OpenRealmViewController.swift */ = {isa = PBXFileReference; fileEncoding = 4; lastKnownFileType = sourcecode.swift; path = OpenRealmViewController.swift; sourceTree = "<group>"; };
		2D7AA346287956AC009AFA48 /* OpenRealmViewController.xib */ = {isa = PBXFileReference; fileEncoding = 4; lastKnownFileType = file.xib; path = OpenRealmViewController.xib; sourceTree = "<group>"; };
		2D7AA34A28795F18009AFA48 /* ConfigurationsViewController.swift */ = {isa = PBXFileReference; fileEncoding = 4; lastKnownFileType = sourcecode.swift; path = ConfigurationsViewController.swift; sourceTree = "<group>"; };
		2D7AA34B28795F18009AFA48 /* NewObjectViewController.swift */ = {isa = PBXFileReference; fileEncoding = 4; lastKnownFileType = sourcecode.swift; path = NewObjectViewController.swift; sourceTree = "<group>"; };
		2D7AA34C28795F18009AFA48 /* DetailViewController.swift */ = {isa = PBXFileReference; fileEncoding = 4; lastKnownFileType = sourcecode.swift; path = DetailViewController.swift; sourceTree = "<group>"; };
		2D7AA34D28795F18009AFA48 /* RealmCollectionCollectionViewController.swift */ = {isa = PBXFileReference; fileEncoding = 4; lastKnownFileType = sourcecode.swift; path = RealmCollectionCollectionViewController.swift; sourceTree = "<group>"; };
		2D7AA34E28795F18009AFA48 /* FormViewController.swift */ = {isa = PBXFileReference; fileEncoding = 4; lastKnownFileType = sourcecode.swift; path = FormViewController.swift; sourceTree = "<group>"; };
		2D7AA34F28795F18009AFA48 /* ObjectDetailViewController.swift */ = {isa = PBXFileReference; fileEncoding = 4; lastKnownFileType = sourcecode.swift; path = ObjectDetailViewController.swift; sourceTree = "<group>"; };
		2D7AA35828795FD4009AFA48 /* Copying.swift */ = {isa = PBXFileReference; fileEncoding = 4; lastKnownFileType = sourcecode.swift; path = Copying.swift; sourceTree = "<group>"; };
		2D7AA35928795FD4009AFA48 /* ObjectPlaceholder.swift */ = {isa = PBXFileReference; fileEncoding = 4; lastKnownFileType = sourcecode.swift; path = ObjectPlaceholder.swift; sourceTree = "<group>"; };
		2D7AA35D2879603D009AFA48 /* PropertyWrapperKit.swift */ = {isa = PBXFileReference; fileEncoding = 4; lastKnownFileType = sourcecode.swift; path = PropertyWrapperKit.swift; sourceTree = "<group>"; };
		2D7AA35E2879603D009AFA48 /* Kingfisher.swift */ = {isa = PBXFileReference; fileEncoding = 4; lastKnownFileType = sourcecode.swift; path = Kingfisher.swift; sourceTree = "<group>"; };
		2D7AA35F2879603D009AFA48 /* HUD.swift */ = {isa = PBXFileReference; fileEncoding = 4; lastKnownFileType = sourcecode.swift; path = HUD.swift; sourceTree = "<group>"; };
		2D7AA3632879606C009AFA48 /* SwiftKit.swift */ = {isa = PBXFileReference; fileEncoding = 4; lastKnownFileType = sourcecode.swift; path = SwiftKit.swift; sourceTree = "<group>"; };
		2D7AA3672879612F009AFA48 /* TransactionListView.swift */ = {isa = PBXFileReference; lastKnownFileType = sourcecode.swift; path = TransactionListView.swift; sourceTree = "<group>"; };
		2D7AA3692879613C009AFA48 /* TransactionListView.xib */ = {isa = PBXFileReference; lastKnownFileType = file.xib; path = TransactionListView.xib; sourceTree = "<group>"; };
		2D7AA36E287964F5009AFA48 /* TransactionPlaceholder.swift */ = {isa = PBXFileReference; lastKnownFileType = sourcecode.swift; path = TransactionPlaceholder.swift; sourceTree = "<group>"; };
		2D7AA371287967CF009AFA48 /* NewTransactionViewController.swift */ = {isa = PBXFileReference; lastKnownFileType = sourcecode.swift; path = NewTransactionViewController.swift; sourceTree = "<group>"; };
		2D7AA374287968E3009AFA48 /* ObjectContentConfiguration.swift */ = {isa = PBXFileReference; fileEncoding = 4; lastKnownFileType = sourcecode.swift; path = ObjectContentConfiguration.swift; sourceTree = "<group>"; };
		2D7AA375287968E3009AFA48 /* CollectionViewListCell.swift */ = {isa = PBXFileReference; fileEncoding = 4; lastKnownFileType = sourcecode.swift; path = CollectionViewListCell.swift; sourceTree = "<group>"; };
		2D7AA376287968E3009AFA48 /* ImageContentConfiguration.swift */ = {isa = PBXFileReference; fileEncoding = 4; lastKnownFileType = sourcecode.swift; path = ImageContentConfiguration.swift; sourceTree = "<group>"; };
		2D7AA377287968E3009AFA48 /* TitleContentConfiguration.swift */ = {isa = PBXFileReference; fileEncoding = 4; lastKnownFileType = sourcecode.swift; path = TitleContentConfiguration.swift; sourceTree = "<group>"; };
		2D7AA378287968E3009AFA48 /* TextFieldContentConfiguration.swift */ = {isa = PBXFileReference; fileEncoding = 4; lastKnownFileType = sourcecode.swift; path = TextFieldContentConfiguration.swift; sourceTree = "<group>"; };
		2D7AA379287968E3009AFA48 /* IntTextFieldContentConfiguration.swift */ = {isa = PBXFileReference; fileEncoding = 4; lastKnownFileType = sourcecode.swift; path = IntTextFieldContentConfiguration.swift; sourceTree = "<group>"; };
		2D7AA37A287968E3009AFA48 /* ListContentView.swift */ = {isa = PBXFileReference; fileEncoding = 4; lastKnownFileType = sourcecode.swift; path = ListContentView.swift; sourceTree = "<group>"; };
		2D7AA37B287968E3009AFA48 /* DateTextFieldContentConfiguration.swift */ = {isa = PBXFileReference; fileEncoding = 4; lastKnownFileType = sourcecode.swift; path = DateTextFieldContentConfiguration.swift; sourceTree = "<group>"; };
		2D7AA3842879690B009AFA48 /* ImageView.swift */ = {isa = PBXFileReference; fileEncoding = 4; lastKnownFileType = sourcecode.swift; path = ImageView.swift; sourceTree = "<group>"; };
		2D7AA38628796D63009AFA48 /* Listable.swift */ = {isa = PBXFileReference; lastKnownFileType = sourcecode.swift; path = Listable.swift; sourceTree = "<group>"; };
		2D7AA38928796EC8009AFA48 /* DataStorageViewController.swift */ = {isa = PBXFileReference; fileEncoding = 4; lastKnownFileType = sourcecode.swift; path = DataStorageViewController.swift; sourceTree = "<group>"; };
		2D7AA38A28796EC8009AFA48 /* NotificationsViewController.swift */ = {isa = PBXFileReference; fileEncoding = 4; lastKnownFileType = sourcecode.swift; path = NotificationsViewController.swift; sourceTree = "<group>"; };
		2D7AA38B28796EC8009AFA48 /* AccountSettingsViewController.swift */ = {isa = PBXFileReference; fileEncoding = 4; lastKnownFileType = sourcecode.swift; path = AccountSettingsViewController.swift; sourceTree = "<group>"; };
		2D7AA38F28796EDF009AFA48 /* MoreProfileHeaderView.swift */ = {isa = PBXFileReference; fileEncoding = 4; lastKnownFileType = sourcecode.swift; path = MoreProfileHeaderView.swift; sourceTree = "<group>"; };
		2D7AA39028796EDF009AFA48 /* MoreProfileHeaderView.xib */ = {isa = PBXFileReference; fileEncoding = 4; lastKnownFileType = file.xib; path = MoreProfileHeaderView.xib; sourceTree = "<group>"; };
		2D7AA39328796F5F009AFA48 /* LinkedAccountSettingsListView.swift */ = {isa = PBXFileReference; fileEncoding = 4; lastKnownFileType = sourcecode.swift; path = LinkedAccountSettingsListView.swift; sourceTree = "<group>"; };
		2D7AA39428796F5F009AFA48 /* LinkedAccountSettingsListView.xib */ = {isa = PBXFileReference; fileEncoding = 4; lastKnownFileType = file.xib; path = LinkedAccountSettingsListView.xib; sourceTree = "<group>"; };
		2D7AA3972879709D009AFA48 /* km */ = {isa = PBXFileReference; lastKnownFileType = text.plist.strings; name = km; path = km.lproj/LaunchScreen.strings; sourceTree = "<group>"; };
		2D7AA39B287970B4009AFA48 /* en */ = {isa = PBXFileReference; lastKnownFileType = text.plist.strings; name = en; path = en.lproj/Localizable.strings; sourceTree = "<group>"; };
		2D7AA39D287970B7009AFA48 /* km */ = {isa = PBXFileReference; lastKnownFileType = text.plist.strings; name = km; path = km.lproj/Localizable.strings; sourceTree = "<group>"; };
		2D7AA39F28797D09009AFA48 /* ImageLetters.swift */ = {isa = PBXFileReference; lastKnownFileType = sourcecode.swift; path = ImageLetters.swift; sourceTree = "<group>"; };
		2D7AA3A128797EC6009AFA48 /* NewCategoryViewController.swift */ = {isa = PBXFileReference; lastKnownFileType = sourcecode.swift; path = NewCategoryViewController.swift; sourceTree = "<group>"; };
		2D7AA3A328797ED7009AFA48 /* CategoryPlaceholder.swift */ = {isa = PBXFileReference; lastKnownFileType = sourcecode.swift; path = CategoryPlaceholder.swift; sourceTree = "<group>"; };
		2D7AA3A528797F75009AFA48 /* LettersView.swift */ = {isa = PBXFileReference; lastKnownFileType = sourcecode.swift; path = LettersView.swift; sourceTree = "<group>"; };
		2D7AA3A72879E6A9009AFA48 /* CategoryGridView.swift */ = {isa = PBXFileReference; lastKnownFileType = sourcecode.swift; path = CategoryGridView.swift; sourceTree = "<group>"; };
		2D7AA3A92879E6C9009AFA48 /* CategoryGridView.xib */ = {isa = PBXFileReference; lastKnownFileType = file.xib; path = CategoryGridView.xib; sourceTree = "<group>"; };
		2D7AA3AB2879E7D5009AFA48 /* CategoryListView.swift */ = {isa = PBXFileReference; lastKnownFileType = sourcecode.swift; path = CategoryListView.swift; sourceTree = "<group>"; };
		2D7AA3AC2879E7D5009AFA48 /* CategoryListView.xib */ = {isa = PBXFileReference; lastKnownFileType = file.xib; path = CategoryListView.xib; sourceTree = "<group>"; };
		2D7AA3AF2879EEB9009AFA48 /* LettersContentConfiguration.swift */ = {isa = PBXFileReference; lastKnownFileType = sourcecode.swift; path = LettersContentConfiguration.swift; sourceTree = "<group>"; };
		2D7AA3B12879F6E6009AFA48 /* ColorContentConfiguration.swift */ = {isa = PBXFileReference; lastKnownFileType = sourcecode.swift; path = ColorContentConfiguration.swift; sourceTree = "<group>"; };
		2D7AA3B4287B4820009AFA48 /* AccountsViewController.swift */ = {isa = PBXFileReference; lastKnownFileType = sourcecode.swift; path = AccountsViewController.swift; sourceTree = "<group>"; };
		2D7AA3B7287B4B4A009AFA48 /* StatsViewController.swift */ = {isa = PBXFileReference; lastKnownFileType = sourcecode.swift; path = StatsViewController.swift; sourceTree = "<group>"; };
		2D7C358928794B2A00A9A010 /* ProviderLoginManager.swift */ = {isa = PBXFileReference; fileEncoding = 4; lastKnownFileType = sourcecode.swift; path = ProviderLoginManager.swift; sourceTree = "<group>"; };
		2DB4E25F287946260088A6DD /* LogInViewController.swift */ = {isa = PBXFileReference; fileEncoding = 4; lastKnownFileType = sourcecode.swift; path = LogInViewController.swift; sourceTree = "<group>"; };
		2DB4E260287946260088A6DD /* LogInViewController.xib */ = {isa = PBXFileReference; fileEncoding = 4; lastKnownFileType = file.xib; path = LogInViewController.xib; sourceTree = "<group>"; };
		2DB668CA28783C2600ACBA80 /* LuyBook.app */ = {isa = PBXFileReference; explicitFileType = wrapper.application; includeInIndex = 0; path = LuyBook.app; sourceTree = BUILT_PRODUCTS_DIR; };
		2DB668CD28783C2600ACBA80 /* AppDelegate.swift */ = {isa = PBXFileReference; lastKnownFileType = sourcecode.swift; path = AppDelegate.swift; sourceTree = "<group>"; };
		2DB668CF28783C2600ACBA80 /* SceneDelegate.swift */ = {isa = PBXFileReference; lastKnownFileType = sourcecode.swift; path = SceneDelegate.swift; sourceTree = "<group>"; };
		2DB668D628783C2700ACBA80 /* Assets.xcassets */ = {isa = PBXFileReference; lastKnownFileType = folder.assetcatalog; path = Assets.xcassets; sourceTree = "<group>"; };
		2DB668D928783C2700ACBA80 /* Base */ = {isa = PBXFileReference; lastKnownFileType = file.storyboard; name = Base; path = Base.lproj/LaunchScreen.storyboard; sourceTree = "<group>"; };
		2DB668DB28783C2700ACBA80 /* Info.plist */ = {isa = PBXFileReference; lastKnownFileType = text.plist.xml; path = Info.plist; sourceTree = "<group>"; };
		2DB6690B2878563100ACBA80 /* Constants.swift */ = {isa = PBXFileReference; lastKnownFileType = sourcecode.swift; path = Constants.swift; sourceTree = "<group>"; };
		2DB6690D2878563700ACBA80 /* Preferences.swift */ = {isa = PBXFileReference; lastKnownFileType = sourcecode.swift; path = Preferences.swift; sourceTree = "<group>"; };
		2DB669102878574400ACBA80 /* GoogleService-Info.plist */ = {isa = PBXFileReference; fileEncoding = 4; lastKnownFileType = text.plist.xml; path = "GoogleService-Info.plist"; sourceTree = "<group>"; };
		2DB669122878586000ACBA80 /* Account.swift */ = {isa = PBXFileReference; lastKnownFileType = sourcecode.swift; path = Account.swift; sourceTree = "<group>"; };
		2DB669162878598D00ACBA80 /* Transaction.swift */ = {isa = PBXFileReference; lastKnownFileType = sourcecode.swift; path = Transaction.swift; sourceTree = "<group>"; };
		2DB6691828785B6500ACBA80 /* Category.swift */ = {isa = PBXFileReference; lastKnownFileType = sourcecode.swift; path = Category.swift; sourceTree = "<group>"; };
		2DB6691F28785DE600ACBA80 /* TransactionsViewController.swift */ = {isa = PBXFileReference; lastKnownFileType = sourcecode.swift; path = TransactionsViewController.swift; sourceTree = "<group>"; };
		2DB6692128785DEE00ACBA80 /* CategoriesViewController.swift */ = {isa = PBXFileReference; lastKnownFileType = sourcecode.swift; path = CategoriesViewController.swift; sourceTree = "<group>"; };
		2DB6692328785DFA00ACBA80 /* MoreViewController.swift */ = {isa = PBXFileReference; lastKnownFileType = sourcecode.swift; path = MoreViewController.swift; sourceTree = "<group>"; };
/* End PBXFileReference section */

/* Begin PBXFrameworksBuildPhase section */
		2DB668C728783C2600ACBA80 /* Frameworks */ = {
			isa = PBXFrameworksBuildPhase;
			buildActionMask = 2147483647;
			files = (
				2DB668E42878519800ACBA80 /* RealmSwift in Frameworks */,
				2D7AA34428794CEF009AFA48 /* Realm in Frameworks */,
				2DB668F9287852CD00ACBA80 /* UIKitLayout in Frameworks */,
				2DB668EC2878523C00ACBA80 /* GoogleSignIn in Frameworks */,
				2DB668E72878520D00ACBA80 /* FacebookCore in Frameworks */,
				2DB668E92878520D00ACBA80 /* FacebookLogin in Frameworks */,
				2DB668F7287852CD00ACBA80 /* UIKitExtra in Frameworks */,
				2DB668FE2878538100ACBA80 /* FirebaseAnalytics in Frameworks */,
				2DB668F2287852A900ACBA80 /* PropertyWrapperKit in Frameworks */,
				2DB669022878538100ACBA80 /* FirebaseMessaging in Frameworks */,
				2DB668FB287852CD00ACBA80 /* UIKitSwift in Frameworks */,
				2DB669002878538100ACBA80 /* FirebaseCrashlytics in Frameworks */,
				2DB6690A2878542900ACBA80 /* KeyboardManager in Frameworks */,
				2DB669042878538100ACBA80 /* FirebaseStorage in Frameworks */,
				2DB66907287853DB00ACBA80 /* MBProgressHUD in Frameworks */,
				2DB6692728785EAC00ACBA80 /* Charts in Frameworks */,
				2DB4E25E2878B2E10088A6DD /* RealmSwiftKit in Frameworks */,
				2DB668F4287852A900ACBA80 /* SwiftKit in Frameworks */,
				2DB668EF2878526200ACBA80 /* Kingfisher in Frameworks */,
			);
			runOnlyForDeploymentPostprocessing = 0;
		};
/* End PBXFrameworksBuildPhase section */

/* Begin PBXGroup section */
		2D7AA34228794CEF009AFA48 /* Frameworks */ = {
			isa = PBXGroup;
			children = (
			);
			name = Frameworks;
			sourceTree = "<group>";
		};
		2D7AA34928795F11009AFA48 /* Base */ = {
			isa = PBXGroup;
			children = (
				2D7AA34A28795F18009AFA48 /* ConfigurationsViewController.swift */,
			);
			path = Base;
			sourceTree = "<group>";
		};
		2D7AA35728795FB5009AFA48 /* UIKitRealm */ = {
			isa = PBXGroup;
			children = (
				2D7AA35C28795FE1009AFA48 /* ViewControllers */,
				2D7C358928794B2A00A9A010 /* ProviderLoginManager.swift */,
				2D7AA35828795FD4009AFA48 /* Copying.swift */,
				2D7AA35928795FD4009AFA48 /* ObjectPlaceholder.swift */,
				2D7AA38628796D63009AFA48 /* Listable.swift */,
			);
			path = UIKitRealm;
			sourceTree = "<group>";
		};
		2D7AA35C28795FE1009AFA48 /* ViewControllers */ = {
			isa = PBXGroup;
			children = (
				2D7AA34C28795F18009AFA48 /* DetailViewController.swift */,
				2D7AA34E28795F18009AFA48 /* FormViewController.swift */,
				2D7AA34B28795F18009AFA48 /* NewObjectViewController.swift */,
				2D7AA34F28795F18009AFA48 /* ObjectDetailViewController.swift */,
				2D7AA34D28795F18009AFA48 /* RealmCollectionCollectionViewController.swift */,
			);
			path = ViewControllers;
			sourceTree = "<group>";
		};
		2D7AA36D287964DA009AFA48 /* Placeholders */ = {
			isa = PBXGroup;
			children = (
				2D7AA36E287964F5009AFA48 /* TransactionPlaceholder.swift */,
				2D7AA3A328797ED7009AFA48 /* CategoryPlaceholder.swift */,
			);
			path = Placeholders;
			sourceTree = "<group>";
		};
		2D7AA370287967BF009AFA48 /* Transaction */ = {
			isa = PBXGroup;
			children = (
				2DB6691F28785DE600ACBA80 /* TransactionsViewController.swift */,
				2D7AA371287967CF009AFA48 /* NewTransactionViewController.swift */,
			);
			path = Transaction;
			sourceTree = "<group>";
		};
		2D7AA373287968D1009AFA48 /* ContentConfigurations */ = {
			isa = PBXGroup;
			children = (
				2D7AA375287968E3009AFA48 /* CollectionViewListCell.swift */,
				2D7AA37B287968E3009AFA48 /* DateTextFieldContentConfiguration.swift */,
				2D7AA376287968E3009AFA48 /* ImageContentConfiguration.swift */,
				2D7AA3AF2879EEB9009AFA48 /* LettersContentConfiguration.swift */,
				2D7AA3B12879F6E6009AFA48 /* ColorContentConfiguration.swift */,
				2D7AA379287968E3009AFA48 /* IntTextFieldContentConfiguration.swift */,
				2D7AA37A287968E3009AFA48 /* ListContentView.swift */,
				2D7AA374287968E3009AFA48 /* ObjectContentConfiguration.swift */,
				2D7AA378287968E3009AFA48 /* TextFieldContentConfiguration.swift */,
				2D7AA377287968E3009AFA48 /* TitleContentConfiguration.swift */,
			);
			path = ContentConfigurations;
			sourceTree = "<group>";
		};
		2D7AA38828796EBC009AFA48 /* More */ = {
			isa = PBXGroup;
			children = (
				2DB6692328785DFA00ACBA80 /* MoreViewController.swift */,
				2D7AA38B28796EC8009AFA48 /* AccountSettingsViewController.swift */,
				2D7AA38928796EC8009AFA48 /* DataStorageViewController.swift */,
				2D7AA38A28796EC8009AFA48 /* NotificationsViewController.swift */,
			);
			path = More;
			sourceTree = "<group>";
		};
		2D7AA39E28797A0E009AFA48 /* Category */ = {
			isa = PBXGroup;
			children = (
				2DB6692128785DEE00ACBA80 /* CategoriesViewController.swift */,
				2D7AA3A128797EC6009AFA48 /* NewCategoryViewController.swift */,
			);
			path = Category;
			sourceTree = "<group>";
		};
		2D7AA3B3287B480C009AFA48 /* Account */ = {
			isa = PBXGroup;
			children = (
				2D7AA3B4287B4820009AFA48 /* AccountsViewController.swift */,
			);
			path = Account;
			sourceTree = "<group>";
		};
		2D7AA3B6287B4B3B009AFA48 /* Stats */ = {
			isa = PBXGroup;
			children = (
				2D7AA3B7287B4B4A009AFA48 /* StatsViewController.swift */,
			);
			path = Stats;
			sourceTree = "<group>";
		};
		2DB668C128783C2600ACBA80 = {
			isa = PBXGroup;
			children = (
				2DB668CC28783C2600ACBA80 /* LuyBook */,
				2DB668CB28783C2600ACBA80 /* Products */,
				2D7AA34228794CEF009AFA48 /* Frameworks */,
			);
			sourceTree = "<group>";
		};
		2DB668CB28783C2600ACBA80 /* Products */ = {
			isa = PBXGroup;
			children = (
				2DB668CA28783C2600ACBA80 /* LuyBook.app */,
			);
			name = Products;
			sourceTree = "<group>";
		};
		2DB668CC28783C2600ACBA80 /* LuyBook */ = {
			isa = PBXGroup;
			children = (
				2DB6691A28785C0100ACBA80 /* Utilities */,
				2DB6690F287856BB00ACBA80 /* Models */,
				2DB6691E28785DC000ACBA80 /* Views */,
				2DB6691D28785DBD00ACBA80 /* Controllers */,
				2DB668CD28783C2600ACBA80 /* AppDelegate.swift */,
				2DB668CF28783C2600ACBA80 /* SceneDelegate.swift */,
				2DB6690B2878563100ACBA80 /* Constants.swift */,
				2DB6690D2878563700ACBA80 /* Preferences.swift */,
				2DB668E128783CB700ACBA80 /* Supporting Files */,
			);
			path = LuyBook;
			sourceTree = "<group>";
		};
		2DB668E128783CB700ACBA80 /* Supporting Files */ = {
			isa = PBXGroup;
			children = (
				2DB668D628783C2700ACBA80 /* Assets.xcassets */,
				2DB668D828783C2700ACBA80 /* LaunchScreen.storyboard */,
				2DB668DB28783C2700ACBA80 /* Info.plist */,
				2DB669102878574400ACBA80 /* GoogleService-Info.plist */,
				2D7AA39C287970B4009AFA48 /* Localizable.strings */,
			);
			name = "Supporting Files";
			sourceTree = "<group>";
		};
		2DB6690F287856BB00ACBA80 /* Models */ = {
			isa = PBXGroup;
			children = (
				2D7AA36D287964DA009AFA48 /* Placeholders */,
				2DB669122878586000ACBA80 /* Account.swift */,
				2DB6691828785B6500ACBA80 /* Category.swift */,
				2DB669162878598D00ACBA80 /* Transaction.swift */,
				2D7AA39F28797D09009AFA48 /* ImageLetters.swift */,
			);
			path = Models;
			sourceTree = "<group>";
		};
		2DB6691A28785C0100ACBA80 /* Utilities */ = {
			isa = PBXGroup;
			children = (
				2D7AA35F2879603D009AFA48 /* HUD.swift */,
				2D7AA3632879606C009AFA48 /* SwiftKit.swift */,
				2D7AA35E2879603D009AFA48 /* Kingfisher.swift */,
				2D7AA35D2879603D009AFA48 /* PropertyWrapperKit.swift */,
				2D7AA35728795FB5009AFA48 /* UIKitRealm */,
			);
			path = Utilities;
			sourceTree = "<group>";
		};
		2DB6691D28785DBD00ACBA80 /* Controllers */ = {
			isa = PBXGroup;
			children = (
				2D7AA34928795F11009AFA48 /* Base */,
				2D7AA3B6287B4B3B009AFA48 /* Stats */,
				2D7AA370287967BF009AFA48 /* Transaction */,
				2D7AA39E28797A0E009AFA48 /* Category */,
				2D7AA3B3287B480C009AFA48 /* Account */,
				2D7AA38828796EBC009AFA48 /* More */,
				2D10675A2878AC4400A6DBE5 /* TabBarController.swift */,
				2D7AA345287956AC009AFA48 /* OpenRealmViewController.swift */,
				2D7AA346287956AC009AFA48 /* OpenRealmViewController.xib */,
				2DB4E25F287946260088A6DD /* LogInViewController.swift */,
				2DB4E260287946260088A6DD /* LogInViewController.xib */,
			);
			path = Controllers;
			sourceTree = "<group>";
		};
		2DB6691E28785DC000ACBA80 /* Views */ = {
			isa = PBXGroup;
			children = (
				2D7AA3842879690B009AFA48 /* ImageView.swift */,
				2D7AA3A528797F75009AFA48 /* LettersView.swift */,
				2D7AA373287968D1009AFA48 /* ContentConfigurations */,
				2D7AA3672879612F009AFA48 /* TransactionListView.swift */,
				2D7AA3692879613C009AFA48 /* TransactionListView.xib */,
				2D7AA3AB2879E7D5009AFA48 /* CategoryListView.swift */,
				2D7AA3AC2879E7D5009AFA48 /* CategoryListView.xib */,
				2D7AA3A72879E6A9009AFA48 /* CategoryGridView.swift */,
				2D7AA3A92879E6C9009AFA48 /* CategoryGridView.xib */,
				2D7AA38F28796EDF009AFA48 /* MoreProfileHeaderView.swift */,
				2D7AA39028796EDF009AFA48 /* MoreProfileHeaderView.xib */,
				2D7AA39328796F5F009AFA48 /* LinkedAccountSettingsListView.swift */,
				2D7AA39428796F5F009AFA48 /* LinkedAccountSettingsListView.xib */,
			);
			path = Views;
			sourceTree = "<group>";
		};
/* End PBXGroup section */

/* Begin PBXNativeTarget section */
		2DB668C928783C2600ACBA80 /* LuyBook */ = {
			isa = PBXNativeTarget;
			buildConfigurationList = 2DB668DE28783C2700ACBA80 /* Build configuration list for PBXNativeTarget "LuyBook" */;
			buildPhases = (
				2DB668C628783C2600ACBA80 /* Sources */,
				2DB668C728783C2600ACBA80 /* Frameworks */,
				2DB668C828783C2600ACBA80 /* Resources */,
			);
			buildRules = (
			);
			dependencies = (
			);
			name = LuyBook;
			packageProductDependencies = (
				2DB668E32878519800ACBA80 /* RealmSwift */,
				2DB668E62878520D00ACBA80 /* FacebookCore */,
				2DB668E82878520D00ACBA80 /* FacebookLogin */,
				2DB668EB2878523C00ACBA80 /* GoogleSignIn */,
				2DB668EE2878526200ACBA80 /* Kingfisher */,
				2DB668F1287852A900ACBA80 /* PropertyWrapperKit */,
				2DB668F3287852A900ACBA80 /* SwiftKit */,
				2DB668F6287852CD00ACBA80 /* UIKitExtra */,
				2DB668F8287852CD00ACBA80 /* UIKitLayout */,
				2DB668FA287852CD00ACBA80 /* UIKitSwift */,
				2DB668FD2878538100ACBA80 /* FirebaseAnalytics */,
				2DB668FF2878538100ACBA80 /* FirebaseCrashlytics */,
				2DB669012878538100ACBA80 /* FirebaseMessaging */,
				2DB669032878538100ACBA80 /* FirebaseStorage */,
				2DB66906287853DB00ACBA80 /* MBProgressHUD */,
				2DB669092878542900ACBA80 /* KeyboardManager */,
				2DB6692628785EAC00ACBA80 /* Charts */,
				2DB4E25D2878B2E10088A6DD /* RealmSwiftKit */,
				2D7AA34328794CEF009AFA48 /* Realm */,
			);
			productName = LuyBook;
			productReference = 2DB668CA28783C2600ACBA80 /* LuyBook.app */;
			productType = "com.apple.product-type.application";
		};
/* End PBXNativeTarget section */

/* Begin PBXProject section */
		2DB668C228783C2600ACBA80 /* Project object */ = {
			isa = PBXProject;
			attributes = {
				BuildIndependentTargetsInParallel = 1;
				LastSwiftUpdateCheck = 1340;
				LastUpgradeCheck = 1340;
				TargetAttributes = {
					2DB668C928783C2600ACBA80 = {
						CreatedOnToolsVersion = 13.4.1;
					};
				};
			};
			buildConfigurationList = 2DB668C528783C2600ACBA80 /* Build configuration list for PBXProject "LuyBook" */;
			compatibilityVersion = "Xcode 13.0";
			developmentRegion = en;
			hasScannedForEncodings = 0;
			knownRegions = (
				en,
				Base,
				km,
			);
			mainGroup = 2DB668C128783C2600ACBA80;
			packageReferences = (
				2DB668E22878519800ACBA80 /* XCRemoteSwiftPackageReference "realm-swift" */,
				2DB668E52878520D00ACBA80 /* XCRemoteSwiftPackageReference "facebook-ios-sdk" */,
				2DB668EA2878523C00ACBA80 /* XCRemoteSwiftPackageReference "GoogleSignIn-iOS" */,
				2DB668ED2878526200ACBA80 /* XCRemoteSwiftPackageReference "Kingfisher" */,
				2DB668F0287852A900ACBA80 /* XCRemoteSwiftPackageReference "SwiftKit" */,
				2DB668F5287852CD00ACBA80 /* XCRemoteSwiftPackageReference "UIKitSwift" */,
				2DB668FC2878538100ACBA80 /* XCRemoteSwiftPackageReference "firebase-ios-sdk" */,
				2DB66905287853DB00ACBA80 /* XCRemoteSwiftPackageReference "MBProgressHUD" */,
				2DB669082878542800ACBA80 /* XCRemoteSwiftPackageReference "KeyboardManager" */,
				2DB6692528785EAC00ACBA80 /* XCRemoteSwiftPackageReference "Charts" */,
				2DB4E25C2878B2E10088A6DD /* XCRemoteSwiftPackageReference "RealmSwiftKit" */,
			);
			productRefGroup = 2DB668CB28783C2600ACBA80 /* Products */;
			projectDirPath = "";
			projectRoot = "";
			targets = (
				2DB668C928783C2600ACBA80 /* LuyBook */,
			);
		};
/* End PBXProject section */

/* Begin PBXResourcesBuildPhase section */
		2DB668C828783C2600ACBA80 /* Resources */ = {
			isa = PBXResourcesBuildPhase;
			buildActionMask = 2147483647;
			files = (
				2DB4E262287946270088A6DD /* LogInViewController.xib in Resources */,
				2D7AA36A2879613C009AFA48 /* TransactionListView.xib in Resources */,
				2D7AA39628796F5F009AFA48 /* LinkedAccountSettingsListView.xib in Resources */,
				2D7AA3AA2879E6C9009AFA48 /* CategoryGridView.xib in Resources */,
				2D7AA348287956AC009AFA48 /* OpenRealmViewController.xib in Resources */,
				2D7AA39A287970B4009AFA48 /* Localizable.strings in Resources */,
				2D7AA3AE2879E7D5009AFA48 /* CategoryListView.xib in Resources */,
				2DB668DA28783C2700ACBA80 /* LaunchScreen.storyboard in Resources */,
				2DB668D728783C2700ACBA80 /* Assets.xcassets in Resources */,
				2D7AA39228796EDF009AFA48 /* MoreProfileHeaderView.xib in Resources */,
				2DB669112878574400ACBA80 /* GoogleService-Info.plist in Resources */,
			);
			runOnlyForDeploymentPostprocessing = 0;
		};
/* End PBXResourcesBuildPhase section */

/* Begin PBXSourcesBuildPhase section */
		2DB668C628783C2600ACBA80 /* Sources */ = {
			isa = PBXSourcesBuildPhase;
			buildActionMask = 2147483647;
			files = (
				2D7AA3852879690B009AFA48 /* ImageView.swift in Sources */,
				2D7AA347287956AC009AFA48 /* OpenRealmViewController.swift in Sources */,
				2D7AA383287968E3009AFA48 /* DateTextFieldContentConfiguration.swift in Sources */,
				2D7AA35228795F18009AFA48 /* DetailViewController.swift in Sources */,
				2DB669172878598D00ACBA80 /* Transaction.swift in Sources */,
				2D7AA38E28796EC8009AFA48 /* AccountSettingsViewController.swift in Sources */,
				2D7AA3A428797ED7009AFA48 /* CategoryPlaceholder.swift in Sources */,
				2D7AA3B5287B4820009AFA48 /* AccountsViewController.swift in Sources */,
				2D7AA3A028797D09009AFA48 /* ImageLetters.swift in Sources */,
				2D7AA35428795F18009AFA48 /* FormViewController.swift in Sources */,
				2D7AA35A28795FD4009AFA48 /* Copying.swift in Sources */,
				2D7AA3682879612F009AFA48 /* TransactionListView.swift in Sources */,
				2D7AA35528795F18009AFA48 /* ObjectDetailViewController.swift in Sources */,
				2D7AA3A228797EC7009AFA48 /* NewCategoryViewController.swift in Sources */,
				2D7AA3642879606C009AFA48 /* SwiftKit.swift in Sources */,
				2D7AA37F287968E3009AFA48 /* TitleContentConfiguration.swift in Sources */,
				2D7AA3B8287B4B4A009AFA48 /* StatsViewController.swift in Sources */,
				2D10675B2878AC4400A6DBE5 /* TabBarController.swift in Sources */,
				2D7AA37C287968E3009AFA48 /* ObjectContentConfiguration.swift in Sources */,
				2D7AA382287968E3009AFA48 /* ListContentView.swift in Sources */,
				2D7C358A28794B2A00A9A010 /* ProviderLoginManager.swift in Sources */,
				2DB6692228785DEE00ACBA80 /* CategoriesViewController.swift in Sources */,
				2D7AA3A82879E6A9009AFA48 /* CategoryGridView.swift in Sources */,
				2DB669132878586000ACBA80 /* Account.swift in Sources */,
				2D7AA39128796EDF009AFA48 /* MoreProfileHeaderView.swift in Sources */,
				2D7AA35028795F18009AFA48 /* ConfigurationsViewController.swift in Sources */,
				2DB668CE28783C2600ACBA80 /* AppDelegate.swift in Sources */,
				2D7AA35128795F18009AFA48 /* NewObjectViewController.swift in Sources */,
				2D7AA372287967CF009AFA48 /* NewTransactionViewController.swift in Sources */,
				2D7AA36F287964F5009AFA48 /* TransactionPlaceholder.swift in Sources */,
				2DB6692028785DE600ACBA80 /* TransactionsViewController.swift in Sources */,
				2D7AA3B02879EEB9009AFA48 /* LettersContentConfiguration.swift in Sources */,
				2DB668D028783C2600ACBA80 /* SceneDelegate.swift in Sources */,
				2D7AA38C28796EC8009AFA48 /* DataStorageViewController.swift in Sources */,
				2D7AA381287968E3009AFA48 /* IntTextFieldContentConfiguration.swift in Sources */,
				2DB6690E2878563700ACBA80 /* Preferences.swift in Sources */,
				2DB4E261287946270088A6DD /* LogInViewController.swift in Sources */,
				2D7AA3AD2879E7D5009AFA48 /* CategoryListView.swift in Sources */,
				2D7AA35328795F18009AFA48 /* RealmCollectionCollectionViewController.swift in Sources */,
				2D7AA3A628797F75009AFA48 /* LettersView.swift in Sources */,
				2D7AA3602879603D009AFA48 /* PropertyWrapperKit.swift in Sources */,
				2D7AA38D28796EC8009AFA48 /* NotificationsViewController.swift in Sources */,
				2D7AA380287968E3009AFA48 /* TextFieldContentConfiguration.swift in Sources */,
				2DB6690C2878563100ACBA80 /* Constants.swift in Sources */,
				2DB6692428785DFA00ACBA80 /* MoreViewController.swift in Sources */,
				2D7AA37D287968E3009AFA48 /* CollectionViewListCell.swift in Sources */,
				2D7AA3622879603D009AFA48 /* HUD.swift in Sources */,
				2D7AA38728796D63009AFA48 /* Listable.swift in Sources */,
				2D7AA3612879603D009AFA48 /* Kingfisher.swift in Sources */,
				2D7AA37E287968E3009AFA48 /* ImageContentConfiguration.swift in Sources */,
				2D7AA3B22879F6E6009AFA48 /* ColorContentConfiguration.swift in Sources */,
				2D7AA35B28795FD4009AFA48 /* ObjectPlaceholder.swift in Sources */,
				2D7AA39528796F5F009AFA48 /* LinkedAccountSettingsListView.swift in Sources */,
				2DB6691928785B6500ACBA80 /* Category.swift in Sources */,
			);
			runOnlyForDeploymentPostprocessing = 0;
		};
/* End PBXSourcesBuildPhase section */

/* Begin PBXVariantGroup section */
		2D7AA39C287970B4009AFA48 /* Localizable.strings */ = {
			isa = PBXVariantGroup;
			children = (
				2D7AA39B287970B4009AFA48 /* en */,
				2D7AA39D287970B7009AFA48 /* km */,
			);
			name = Localizable.strings;
			sourceTree = "<group>";
		};
		2DB668D828783C2700ACBA80 /* LaunchScreen.storyboard */ = {
			isa = PBXVariantGroup;
			children = (
				2DB668D928783C2700ACBA80 /* Base */,
				2D7AA3972879709D009AFA48 /* km */,
			);
			name = LaunchScreen.storyboard;
			sourceTree = "<group>";
		};
/* End PBXVariantGroup section */

/* Begin XCBuildConfiguration section */
		2DB668DC28783C2700ACBA80 /* Debug */ = {
			isa = XCBuildConfiguration;
			buildSettings = {
				ALWAYS_SEARCH_USER_PATHS = NO;
				CLANG_ANALYZER_LOCALIZABILITY_NONLOCALIZED = YES;
				CLANG_ANALYZER_NONNULL = YES;
				CLANG_ANALYZER_NUMBER_OBJECT_CONVERSION = YES_AGGRESSIVE;
				CLANG_CXX_LANGUAGE_STANDARD = "gnu++17";
				CLANG_ENABLE_MODULES = YES;
				CLANG_ENABLE_OBJC_ARC = YES;
				CLANG_ENABLE_OBJC_WEAK = YES;
				CLANG_WARN_BLOCK_CAPTURE_AUTORELEASING = YES;
				CLANG_WARN_BOOL_CONVERSION = YES;
				CLANG_WARN_COMMA = YES;
				CLANG_WARN_CONSTANT_CONVERSION = YES;
				CLANG_WARN_DEPRECATED_OBJC_IMPLEMENTATIONS = YES;
				CLANG_WARN_DIRECT_OBJC_ISA_USAGE = YES_ERROR;
				CLANG_WARN_DOCUMENTATION_COMMENTS = YES;
				CLANG_WARN_EMPTY_BODY = YES;
				CLANG_WARN_ENUM_CONVERSION = YES;
				CLANG_WARN_INFINITE_RECURSION = YES;
				CLANG_WARN_INT_CONVERSION = YES;
				CLANG_WARN_NON_LITERAL_NULL_CONVERSION = YES;
				CLANG_WARN_OBJC_IMPLICIT_RETAIN_SELF = YES;
				CLANG_WARN_OBJC_LITERAL_CONVERSION = YES;
				CLANG_WARN_OBJC_ROOT_CLASS = YES_ERROR;
				CLANG_WARN_QUOTED_INCLUDE_IN_FRAMEWORK_HEADER = YES;
				CLANG_WARN_RANGE_LOOP_ANALYSIS = YES;
				CLANG_WARN_STRICT_PROTOTYPES = YES;
				CLANG_WARN_SUSPICIOUS_MOVE = YES;
				CLANG_WARN_UNGUARDED_AVAILABILITY = YES_AGGRESSIVE;
				CLANG_WARN_UNREACHABLE_CODE = YES;
				CLANG_WARN__DUPLICATE_METHOD_MATCH = YES;
				COPY_PHASE_STRIP = NO;
				DEBUG_INFORMATION_FORMAT = dwarf;
				ENABLE_STRICT_OBJC_MSGSEND = YES;
				ENABLE_TESTABILITY = YES;
				GCC_C_LANGUAGE_STANDARD = gnu11;
				GCC_DYNAMIC_NO_PIC = NO;
				GCC_NO_COMMON_BLOCKS = YES;
				GCC_OPTIMIZATION_LEVEL = 0;
				GCC_PREPROCESSOR_DEFINITIONS = (
					"DEBUG=1",
					"$(inherited)",
				);
				GCC_WARN_64_TO_32_BIT_CONVERSION = YES;
				GCC_WARN_ABOUT_RETURN_TYPE = YES_ERROR;
				GCC_WARN_UNDECLARED_SELECTOR = YES;
				GCC_WARN_UNINITIALIZED_AUTOS = YES_AGGRESSIVE;
				GCC_WARN_UNUSED_FUNCTION = YES;
				GCC_WARN_UNUSED_VARIABLE = YES;
				IPHONEOS_DEPLOYMENT_TARGET = 15.0;
				MTL_ENABLE_DEBUG_INFO = INCLUDE_SOURCE;
				MTL_FAST_MATH = YES;
				ONLY_ACTIVE_ARCH = YES;
				SDKROOT = iphoneos;
				SWIFT_ACTIVE_COMPILATION_CONDITIONS = DEBUG;
				SWIFT_OPTIMIZATION_LEVEL = "-Onone";
			};
			name = Debug;
		};
		2DB668DD28783C2700ACBA80 /* Release */ = {
			isa = XCBuildConfiguration;
			buildSettings = {
				ALWAYS_SEARCH_USER_PATHS = NO;
				CLANG_ANALYZER_LOCALIZABILITY_NONLOCALIZED = YES;
				CLANG_ANALYZER_NONNULL = YES;
				CLANG_ANALYZER_NUMBER_OBJECT_CONVERSION = YES_AGGRESSIVE;
				CLANG_CXX_LANGUAGE_STANDARD = "gnu++17";
				CLANG_ENABLE_MODULES = YES;
				CLANG_ENABLE_OBJC_ARC = YES;
				CLANG_ENABLE_OBJC_WEAK = YES;
				CLANG_WARN_BLOCK_CAPTURE_AUTORELEASING = YES;
				CLANG_WARN_BOOL_CONVERSION = YES;
				CLANG_WARN_COMMA = YES;
				CLANG_WARN_CONSTANT_CONVERSION = YES;
				CLANG_WARN_DEPRECATED_OBJC_IMPLEMENTATIONS = YES;
				CLANG_WARN_DIRECT_OBJC_ISA_USAGE = YES_ERROR;
				CLANG_WARN_DOCUMENTATION_COMMENTS = YES;
				CLANG_WARN_EMPTY_BODY = YES;
				CLANG_WARN_ENUM_CONVERSION = YES;
				CLANG_WARN_INFINITE_RECURSION = YES;
				CLANG_WARN_INT_CONVERSION = YES;
				CLANG_WARN_NON_LITERAL_NULL_CONVERSION = YES;
				CLANG_WARN_OBJC_IMPLICIT_RETAIN_SELF = YES;
				CLANG_WARN_OBJC_LITERAL_CONVERSION = YES;
				CLANG_WARN_OBJC_ROOT_CLASS = YES_ERROR;
				CLANG_WARN_QUOTED_INCLUDE_IN_FRAMEWORK_HEADER = YES;
				CLANG_WARN_RANGE_LOOP_ANALYSIS = YES;
				CLANG_WARN_STRICT_PROTOTYPES = YES;
				CLANG_WARN_SUSPICIOUS_MOVE = YES;
				CLANG_WARN_UNGUARDED_AVAILABILITY = YES_AGGRESSIVE;
				CLANG_WARN_UNREACHABLE_CODE = YES;
				CLANG_WARN__DUPLICATE_METHOD_MATCH = YES;
				COPY_PHASE_STRIP = NO;
				DEBUG_INFORMATION_FORMAT = "dwarf-with-dsym";
				ENABLE_NS_ASSERTIONS = NO;
				ENABLE_STRICT_OBJC_MSGSEND = YES;
				GCC_C_LANGUAGE_STANDARD = gnu11;
				GCC_NO_COMMON_BLOCKS = YES;
				GCC_WARN_64_TO_32_BIT_CONVERSION = YES;
				GCC_WARN_ABOUT_RETURN_TYPE = YES_ERROR;
				GCC_WARN_UNDECLARED_SELECTOR = YES;
				GCC_WARN_UNINITIALIZED_AUTOS = YES_AGGRESSIVE;
				GCC_WARN_UNUSED_FUNCTION = YES;
				GCC_WARN_UNUSED_VARIABLE = YES;
				IPHONEOS_DEPLOYMENT_TARGET = 15.0;
				MTL_ENABLE_DEBUG_INFO = NO;
				MTL_FAST_MATH = YES;
				SDKROOT = iphoneos;
				SWIFT_COMPILATION_MODE = wholemodule;
				SWIFT_OPTIMIZATION_LEVEL = "-O";
				VALIDATE_PRODUCT = YES;
			};
			name = Release;
		};
		2DB668DF28783C2700ACBA80 /* Debug */ = {
			isa = XCBuildConfiguration;
			buildSettings = {
				ASSETCATALOG_COMPILER_APPICON_NAME = AppIcon;
				ASSETCATALOG_COMPILER_GLOBAL_ACCENT_COLOR_NAME = AccentColor;
				CODE_SIGN_STYLE = Automatic;
				CURRENT_PROJECT_VERSION = 1;
				DEVELOPMENT_TEAM = QHQ974WAF6;
				GENERATE_INFOPLIST_FILE = YES;
				INFOPLIST_FILE = LuyBook/Info.plist;
				INFOPLIST_KEY_CFBundleDisplayName = "Luy Book";
				INFOPLIST_KEY_UIApplicationSupportsIndirectInputEvents = YES;
				INFOPLIST_KEY_UILaunchStoryboardName = LaunchScreen;
				INFOPLIST_KEY_UISupportedInterfaceOrientations_iPad = "UIInterfaceOrientationPortrait UIInterfaceOrientationPortraitUpsideDown UIInterfaceOrientationLandscapeLeft UIInterfaceOrientationLandscapeRight";
				INFOPLIST_KEY_UISupportedInterfaceOrientations_iPhone = "UIInterfaceOrientationPortrait UIInterfaceOrientationLandscapeLeft UIInterfaceOrientationLandscapeRight";
				LD_RUNPATH_SEARCH_PATHS = (
					"$(inherited)",
					"@executable_path/Frameworks",
				);
				MARKETING_VERSION = 1.0;
				PRODUCT_BUNDLE_IDENTIFIER = com.sereivoanyong.luybook;
				PRODUCT_NAME = "$(TARGET_NAME)";
				SWIFT_EMIT_LOC_STRINGS = YES;
				SWIFT_VERSION = 5.0;
				TARGETED_DEVICE_FAMILY = "1,2";
			};
			name = Debug;
		};
		2DB668E028783C2700ACBA80 /* Release */ = {
			isa = XCBuildConfiguration;
			buildSettings = {
				ASSETCATALOG_COMPILER_APPICON_NAME = AppIcon;
				ASSETCATALOG_COMPILER_GLOBAL_ACCENT_COLOR_NAME = AccentColor;
				CODE_SIGN_STYLE = Automatic;
				CURRENT_PROJECT_VERSION = 1;
				DEVELOPMENT_TEAM = QHQ974WAF6;
				GENERATE_INFOPLIST_FILE = YES;
				INFOPLIST_FILE = LuyBook/Info.plist;
				INFOPLIST_KEY_CFBundleDisplayName = "Luy Book";
				INFOPLIST_KEY_UIApplicationSupportsIndirectInputEvents = YES;
				INFOPLIST_KEY_UILaunchStoryboardName = LaunchScreen;
				INFOPLIST_KEY_UISupportedInterfaceOrientations_iPad = "UIInterfaceOrientationPortrait UIInterfaceOrientationPortraitUpsideDown UIInterfaceOrientationLandscapeLeft UIInterfaceOrientationLandscapeRight";
				INFOPLIST_KEY_UISupportedInterfaceOrientations_iPhone = "UIInterfaceOrientationPortrait UIInterfaceOrientationLandscapeLeft UIInterfaceOrientationLandscapeRight";
				LD_RUNPATH_SEARCH_PATHS = (
					"$(inherited)",
					"@executable_path/Frameworks",
				);
				MARKETING_VERSION = 1.0;
				PRODUCT_BUNDLE_IDENTIFIER = com.sereivoanyong.luybook;
				PRODUCT_NAME = "$(TARGET_NAME)";
				SWIFT_EMIT_LOC_STRINGS = YES;
				SWIFT_VERSION = 5.0;
				TARGETED_DEVICE_FAMILY = "1,2";
			};
			name = Release;
		};
/* End XCBuildConfiguration section */

/* Begin XCConfigurationList section */
		2DB668C528783C2600ACBA80 /* Build configuration list for PBXProject "LuyBook" */ = {
			isa = XCConfigurationList;
			buildConfigurations = (
				2DB668DC28783C2700ACBA80 /* Debug */,
				2DB668DD28783C2700ACBA80 /* Release */,
			);
			defaultConfigurationIsVisible = 0;
			defaultConfigurationName = Release;
		};
		2DB668DE28783C2700ACBA80 /* Build configuration list for PBXNativeTarget "LuyBook" */ = {
			isa = XCConfigurationList;
			buildConfigurations = (
				2DB668DF28783C2700ACBA80 /* Debug */,
				2DB668E028783C2700ACBA80 /* Release */,
			);
			defaultConfigurationIsVisible = 0;
			defaultConfigurationName = Release;
		};
/* End XCConfigurationList section */

/* Begin XCRemoteSwiftPackageReference section */
		2DB4E25C2878B2E10088A6DD /* XCRemoteSwiftPackageReference "RealmSwiftKit" */ = {
			isa = XCRemoteSwiftPackageReference;
			repositoryURL = "https://github.com/sereivoanyong/RealmSwiftKit";
			requirement = {
				branch = main;
				kind = branch;
			};
		};
		2DB668E22878519800ACBA80 /* XCRemoteSwiftPackageReference "realm-swift" */ = {
			isa = XCRemoteSwiftPackageReference;
			repositoryURL = "https://github.com/realm/realm-swift";
			requirement = {
				kind = upToNextMajorVersion;
				minimumVersion = 10.28.2;
			};
		};
		2DB668E52878520D00ACBA80 /* XCRemoteSwiftPackageReference "facebook-ios-sdk" */ = {
			isa = XCRemoteSwiftPackageReference;
			repositoryURL = "https://github.com/facebook/facebook-ios-sdk";
			requirement = {
				kind = upToNextMajorVersion;
				minimumVersion = 14.1.0;
			};
		};
		2DB668EA2878523C00ACBA80 /* XCRemoteSwiftPackageReference "GoogleSignIn-iOS" */ = {
			isa = XCRemoteSwiftPackageReference;
			repositoryURL = "https://github.com/google/GoogleSignIn-iOS";
			requirement = {
				kind = upToNextMajorVersion;
				minimumVersion = 6.2.2;
			};
		};
		2DB668ED2878526200ACBA80 /* XCRemoteSwiftPackageReference "Kingfisher" */ = {
			isa = XCRemoteSwiftPackageReference;
			repositoryURL = "https://github.com/onevcat/Kingfisher";
			requirement = {
				kind = upToNextMajorVersion;
				minimumVersion = 7.3.0;
			};
		};
		2DB668F0287852A900ACBA80 /* XCRemoteSwiftPackageReference "SwiftKit" */ = {
			isa = XCRemoteSwiftPackageReference;
			repositoryURL = "https://github.com/sereivoanyong/SwiftKit";
			requirement = {
				branch = main;
				kind = branch;
			};
		};
		2DB668F5287852CD00ACBA80 /* XCRemoteSwiftPackageReference "UIKitSwift" */ = {
			isa = XCRemoteSwiftPackageReference;
			repositoryURL = "https://github.com/sereivoanyong/UIKitSwift";
			requirement = {
				branch = main;
				kind = branch;
			};
		};
		2DB668FC2878538100ACBA80 /* XCRemoteSwiftPackageReference "firebase-ios-sdk" */ = {
			isa = XCRemoteSwiftPackageReference;
			repositoryURL = "https://github.com/firebase/firebase-ios-sdk";
			requirement = {
				kind = upToNextMajorVersion;
				minimumVersion = 9.2.0;
			};
		};
		2DB66905287853DB00ACBA80 /* XCRemoteSwiftPackageReference "MBProgressHUD" */ = {
			isa = XCRemoteSwiftPackageReference;
			repositoryURL = "https://github.com/jdg/MBProgressHUD";
			requirement = {
				kind = upToNextMajorVersion;
				minimumVersion = 1.2.0;
			};
		};
		2DB669082878542800ACBA80 /* XCRemoteSwiftPackageReference "KeyboardManager" */ = {
			isa = XCRemoteSwiftPackageReference;
			repositoryURL = "https://github.com/sereivoanyong/KeyboardManager";
			requirement = {
				branch = main;
				kind = branch;
			};
		};
		2DB6692528785EAC00ACBA80 /* XCRemoteSwiftPackageReference "Charts" */ = {
			isa = XCRemoteSwiftPackageReference;
			repositoryURL = "https://github.com/danielgindi/Charts";
			requirement = {
				kind = upToNextMajorVersion;
				minimumVersion = 4.0.3;
			};
		};
/* End XCRemoteSwiftPackageReference section */

/* Begin XCSwiftPackageProductDependency section */
		2D7AA34328794CEF009AFA48 /* Realm */ = {
			isa = XCSwiftPackageProductDependency;
			package = 2DB668E22878519800ACBA80 /* XCRemoteSwiftPackageReference "realm-swift" */;
			productName = Realm;
		};
		2DB4E25D2878B2E10088A6DD /* RealmSwiftKit */ = {
			isa = XCSwiftPackageProductDependency;
			package = 2DB4E25C2878B2E10088A6DD /* XCRemoteSwiftPackageReference "RealmSwiftKit" */;
			productName = RealmSwiftKit;
		};
		2DB668E32878519800ACBA80 /* RealmSwift */ = {
			isa = XCSwiftPackageProductDependency;
			package = 2DB668E22878519800ACBA80 /* XCRemoteSwiftPackageReference "realm-swift" */;
			productName = RealmSwift;
		};
		2DB668E62878520D00ACBA80 /* FacebookCore */ = {
			isa = XCSwiftPackageProductDependency;
			package = 2DB668E52878520D00ACBA80 /* XCRemoteSwiftPackageReference "facebook-ios-sdk" */;
			productName = FacebookCore;
		};
		2DB668E82878520D00ACBA80 /* FacebookLogin */ = {
			isa = XCSwiftPackageProductDependency;
			package = 2DB668E52878520D00ACBA80 /* XCRemoteSwiftPackageReference "facebook-ios-sdk" */;
			productName = FacebookLogin;
		};
		2DB668EB2878523C00ACBA80 /* GoogleSignIn */ = {
			isa = XCSwiftPackageProductDependency;
			package = 2DB668EA2878523C00ACBA80 /* XCRemoteSwiftPackageReference "GoogleSignIn-iOS" */;
			productName = GoogleSignIn;
		};
		2DB668EE2878526200ACBA80 /* Kingfisher */ = {
			isa = XCSwiftPackageProductDependency;
			package = 2DB668ED2878526200ACBA80 /* XCRemoteSwiftPackageReference "Kingfisher" */;
			productName = Kingfisher;
		};
		2DB668F1287852A900ACBA80 /* PropertyWrapperKit */ = {
			isa = XCSwiftPackageProductDependency;
			package = 2DB668F0287852A900ACBA80 /* XCRemoteSwiftPackageReference "SwiftKit" */;
			productName = PropertyWrapperKit;
		};
		2DB668F3287852A900ACBA80 /* SwiftKit */ = {
			isa = XCSwiftPackageProductDependency;
			package = 2DB668F0287852A900ACBA80 /* XCRemoteSwiftPackageReference "SwiftKit" */;
			productName = SwiftKit;
		};
		2DB668F6287852CD00ACBA80 /* UIKitExtra */ = {
			isa = XCSwiftPackageProductDependency;
			package = 2DB668F5287852CD00ACBA80 /* XCRemoteSwiftPackageReference "UIKitSwift" */;
			productName = UIKitExtra;
		};
		2DB668F8287852CD00ACBA80 /* UIKitLayout */ = {
			isa = XCSwiftPackageProductDependency;
			package = 2DB668F5287852CD00ACBA80 /* XCRemoteSwiftPackageReference "UIKitSwift" */;
			productName = UIKitLayout;
		};
		2DB668FA287852CD00ACBA80 /* UIKitSwift */ = {
			isa = XCSwiftPackageProductDependency;
			package = 2DB668F5287852CD00ACBA80 /* XCRemoteSwiftPackageReference "UIKitSwift" */;
			productName = UIKitSwift;
		};
		2DB668FD2878538100ACBA80 /* FirebaseAnalytics */ = {
			isa = XCSwiftPackageProductDependency;
			package = 2DB668FC2878538100ACBA80 /* XCRemoteSwiftPackageReference "firebase-ios-sdk" */;
			productName = FirebaseAnalytics;
		};
		2DB668FF2878538100ACBA80 /* FirebaseCrashlytics */ = {
			isa = XCSwiftPackageProductDependency;
			package = 2DB668FC2878538100ACBA80 /* XCRemoteSwiftPackageReference "firebase-ios-sdk" */;
			productName = FirebaseCrashlytics;
		};
		2DB669012878538100ACBA80 /* FirebaseMessaging */ = {
			isa = XCSwiftPackageProductDependency;
			package = 2DB668FC2878538100ACBA80 /* XCRemoteSwiftPackageReference "firebase-ios-sdk" */;
			productName = FirebaseMessaging;
		};
		2DB669032878538100ACBA80 /* FirebaseStorage */ = {
			isa = XCSwiftPackageProductDependency;
			package = 2DB668FC2878538100ACBA80 /* XCRemoteSwiftPackageReference "firebase-ios-sdk" */;
			productName = FirebaseStorage;
		};
		2DB66906287853DB00ACBA80 /* MBProgressHUD */ = {
			isa = XCSwiftPackageProductDependency;
			package = 2DB66905287853DB00ACBA80 /* XCRemoteSwiftPackageReference "MBProgressHUD" */;
			productName = MBProgressHUD;
		};
		2DB669092878542900ACBA80 /* KeyboardManager */ = {
			isa = XCSwiftPackageProductDependency;
			package = 2DB669082878542800ACBA80 /* XCRemoteSwiftPackageReference "KeyboardManager" */;
			productName = KeyboardManager;
		};
		2DB6692628785EAC00ACBA80 /* Charts */ = {
			isa = XCSwiftPackageProductDependency;
			package = 2DB6692528785EAC00ACBA80 /* XCRemoteSwiftPackageReference "Charts" */;
			productName = Charts;
		};
/* End XCSwiftPackageProductDependency section */
	};
	rootObject = 2DB668C228783C2600ACBA80 /* Project object */;
}
